
Microsoft Visual Studio Solution File, Format Version 12.00
# Visual Studio 15
VisualStudioVersion = 15.0.27428.2043
MinimumVisualStudioVersion = 10.0.40219.1
Project("{FAE04EC0-301F-11D3-BF4B-00C04F79EFBC}") = "UTNBotApp.Android", "UTNBotApp\UTNBotApp.Android\UTNBotApp.Android.csproj", "{2C0DCE73-4711-4A3E-8C68-3DBEF7D9AA2E}"
EndProject
Project("{FAE04EC0-301F-11D3-BF4B-00C04F79EFBC}") = "UTNBotApp.iOS", "UTNBotApp\UTNBotApp.iOS\UTNBotApp.iOS.csproj", "{A09107A0-2B12-4F40-9C61-39E2D0CF0682}"
EndProject
Project("{FAE04EC0-301F-11D3-BF4B-00C04F79EFBC}") = "UTNBotApp.UWP", "UTNBotApp\UTNBotApp.UWP\UTNBotApp.UWP.csproj", "{B7D1265C-F2A5-4544-BAF0-7BD716A72CE2}"
EndProject
Project("{FAE04EC0-301F-11D3-BF4B-00C04F79EFBC}") = "UTNBotApp", "UTNBotApp\UTNBotApp\UTNBotApp.csproj", "{16770E03-E1F6-4323-8C8B-513675B6E9F7}"
EndProject
Global
	GlobalSection(SolutionConfigurationPlatforms) = preSolution
		Ad-Hoc|Any CPU = Ad-Hoc|Any CPU
		Ad-Hoc|ARM = Ad-Hoc|ARM
		Ad-Hoc|iPhone = Ad-Hoc|iPhone
		Ad-Hoc|iPhoneSimulator = Ad-Hoc|iPhoneSimulator
		Ad-Hoc|x64 = Ad-Hoc|x64
		Ad-Hoc|x86 = Ad-Hoc|x86
		AppStore|Any CPU = AppStore|Any CPU
		AppStore|ARM = AppStore|ARM
		AppStore|iPhone = AppStore|iPhone
		AppStore|iPhoneSimulator = AppStore|iPhoneSimulator
		AppStore|x64 = AppStore|x64
		AppStore|x86 = AppStore|x86
		Debug|Any CPU = Debug|Any CPU
		Debug|ARM = Debug|ARM
		Debug|iPhone = Debug|iPhone
		Debug|iPhoneSimulator = Debug|iPhoneSimulator
		Debug|x64 = Debug|x64
		Debug|x86 = Debug|x86
		Release|Any CPU = Release|Any CPU
		Release|ARM = Release|ARM
		Release|iPhone = Release|iPhone
		Release|iPhoneSimulator = Release|iPhoneSimulator
		Release|x64 = Release|x64
		Release|x86 = Release|x86
	EndGlobalSection
	GlobalSection(ProjectConfigurationPlatforms) = postSolution
		{2C0DCE73-4711-4A3E-8C68-3DBEF7D9AA2E}.Ad-Hoc|Any CPU.ActiveCfg = Release|Any CPU
		{2C0DCE73-4711-4A3E-8C68-3DBEF7D9AA2E}.Ad-Hoc|Any CPU.Build.0 = Release|Any CPU
		{2C0DCE73-4711-4A3E-8C68-3DBEF7D9AA2E}.Ad-Hoc|Any CPU.Deploy.0 = Release|Any CPU
		{2C0DCE73-4711-4A3E-8C68-3DBEF7D9AA2E}.Ad-Hoc|ARM.ActiveCfg = Release|Any CPU
		{2C0DCE73-4711-4A3E-8C68-3DBEF7D9AA2E}.Ad-Hoc|ARM.Build.0 = Release|Any CPU
		{2C0DCE73-4711-4A3E-8C68-3DBEF7D9AA2E}.Ad-Hoc|ARM.Deploy.0 = Release|Any CPU
		{2C0DCE73-4711-4A3E-8C68-3DBEF7D9AA2E}.Ad-Hoc|iPhone.ActiveCfg = Release|Any CPU
		{2C0DCE73-4711-4A3E-8C68-3DBEF7D9AA2E}.Ad-Hoc|iPhone.Build.0 = Release|Any CPU
		{2C0DCE73-4711-4A3E-8C68-3DBEF7D9AA2E}.Ad-Hoc|iPhone.Deploy.0 = Release|Any CPU
		{2C0DCE73-4711-4A3E-8C68-3DBEF7D9AA2E}.Ad-Hoc|iPhoneSimulator.ActiveCfg = Release|Any CPU
		{2C0DCE73-4711-4A3E-8C68-3DBEF7D9AA2E}.Ad-Hoc|iPhoneSimulator.Build.0 = Release|Any CPU
		{2C0DCE73-4711-4A3E-8C68-3DBEF7D9AA2E}.Ad-Hoc|iPhoneSimulator.Deploy.0 = Release|Any CPU
		{2C0DCE73-4711-4A3E-8C68-3DBEF7D9AA2E}.Ad-Hoc|x64.ActiveCfg = Release|Any CPU
		{2C0DCE73-4711-4A3E-8C68-3DBEF7D9AA2E}.Ad-Hoc|x64.Build.0 = Release|Any CPU
		{2C0DCE73-4711-4A3E-8C68-3DBEF7D9AA2E}.Ad-Hoc|x64.Deploy.0 = Release|Any CPU
		{2C0DCE73-4711-4A3E-8C68-3DBEF7D9AA2E}.Ad-Hoc|x86.ActiveCfg = Release|Any CPU
		{2C0DCE73-4711-4A3E-8C68-3DBEF7D9AA2E}.Ad-Hoc|x86.Build.0 = Release|Any CPU
		{2C0DCE73-4711-4A3E-8C68-3DBEF7D9AA2E}.Ad-Hoc|x86.Deploy.0 = Release|Any CPU
		{2C0DCE73-4711-4A3E-8C68-3DBEF7D9AA2E}.AppStore|Any CPU.ActiveCfg = Release|Any CPU
		{2C0DCE73-4711-4A3E-8C68-3DBEF7D9AA2E}.AppStore|Any CPU.Build.0 = Release|Any CPU
		{2C0DCE73-4711-4A3E-8C68-3DBEF7D9AA2E}.AppStore|Any CPU.Deploy.0 = Release|Any CPU
		{2C0DCE73-4711-4A3E-8C68-3DBEF7D9AA2E}.AppStore|ARM.ActiveCfg = Release|Any CPU
		{2C0DCE73-4711-4A3E-8C68-3DBEF7D9AA2E}.AppStore|ARM.Build.0 = Release|Any CPU
		{2C0DCE73-4711-4A3E-8C68-3DBEF7D9AA2E}.AppStore|ARM.Deploy.0 = Release|Any CPU
		{2C0DCE73-4711-4A3E-8C68-3DBEF7D9AA2E}.AppStore|iPhone.ActiveCfg = Release|Any CPU
		{2C0DCE73-4711-4A3E-8C68-3DBEF7D9AA2E}.AppStore|iPhone.Build.0 = Release|Any CPU
		{2C0DCE73-4711-4A3E-8C68-3DBEF7D9AA2E}.AppStore|iPhone.Deploy.0 = Release|Any CPU
		{2C0DCE73-4711-4A3E-8C68-3DBEF7D9AA2E}.AppStore|iPhoneSimulator.ActiveCfg = Release|Any CPU
		{2C0DCE73-4711-4A3E-8C68-3DBEF7D9AA2E}.AppStore|iPhoneSimulator.Build.0 = Release|Any CPU
		{2C0DCE73-4711-4A3E-8C68-3DBEF7D9AA2E}.AppStore|iPhoneSimulator.Deploy.0 = Release|Any CPU
		{2C0DCE73-4711-4A3E-8C68-3DBEF7D9AA2E}.AppStore|x64.ActiveCfg = Release|Any CPU
		{2C0DCE73-4711-4A3E-8C68-3DBEF7D9AA2E}.AppStore|x64.Build.0 = Release|Any CPU
		{2C0DCE73-4711-4A3E-8C68-3DBEF7D9AA2E}.AppStore|x64.Deploy.0 = Release|Any CPU
		{2C0DCE73-4711-4A3E-8C68-3DBEF7D9AA2E}.AppStore|x86.ActiveCfg = Release|Any CPU
		{2C0DCE73-4711-4A3E-8C68-3DBEF7D9AA2E}.AppStore|x86.Build.0 = Release|Any CPU
		{2C0DCE73-4711-4A3E-8C68-3DBEF7D9AA2E}.AppStore|x86.Deploy.0 = Release|Any CPU
		{2C0DCE73-4711-4A3E-8C68-3DBEF7D9AA2E}.Debug|Any CPU.ActiveCfg = Debug|Any CPU
		{2C0DCE73-4711-4A3E-8C68-3DBEF7D9AA2E}.Debug|Any CPU.Build.0 = Debug|Any CPU
		{2C0DCE73-4711-4A3E-8C68-3DBEF7D9AA2E}.Debug|Any CPU.Deploy.0 = Debug|Any CPU
		{2C0DCE73-4711-4A3E-8C68-3DBEF7D9AA2E}.Debug|ARM.ActiveCfg = Debug|Any CPU
		{2C0DCE73-4711-4A3E-8C68-3DBEF7D9AA2E}.Debug|ARM.Build.0 = Debug|Any CPU
		{2C0DCE73-4711-4A3E-8C68-3DBEF7D9AA2E}.Debug|ARM.Deploy.0 = Debug|Any CPU
		{2C0DCE73-4711-4A3E-8C68-3DBEF7D9AA2E}.Debug|iPhone.ActiveCfg = Debug|Any CPU
		{2C0DCE73-4711-4A3E-8C68-3DBEF7D9AA2E}.Debug|iPhone.Build.0 = Debug|Any CPU
		{2C0DCE73-4711-4A3E-8C68-3DBEF7D9AA2E}.Debug|iPhone.Deploy.0 = Debug|Any CPU
		{2C0DCE73-4711-4A3E-8C68-3DBEF7D9AA2E}.Debug|iPhoneSimulator.ActiveCfg = Debug|Any CPU
		{2C0DCE73-4711-4A3E-8C68-3DBEF7D9AA2E}.Debug|iPhoneSimulator.Build.0 = Debug|Any CPU
		{2C0DCE73-4711-4A3E-8C68-3DBEF7D9AA2E}.Debug|iPhoneSimulator.Deploy.0 = Debug|Any CPU
		{2C0DCE73-4711-4A3E-8C68-3DBEF7D9AA2E}.Debug|x64.ActiveCfg = Debug|Any CPU
		{2C0DCE73-4711-4A3E-8C68-3DBEF7D9AA2E}.Debug|x64.Build.0 = Debug|Any CPU
		{2C0DCE73-4711-4A3E-8C68-3DBEF7D9AA2E}.Debug|x64.Deploy.0 = Debug|Any CPU
		{2C0DCE73-4711-4A3E-8C68-3DBEF7D9AA2E}.Debug|x86.ActiveCfg = Debug|Any CPU
		{2C0DCE73-4711-4A3E-8C68-3DBEF7D9AA2E}.Debug|x86.Build.0 = Debug|Any CPU
		{2C0DCE73-4711-4A3E-8C68-3DBEF7D9AA2E}.Debug|x86.Deploy.0 = Debug|Any CPU
		{2C0DCE73-4711-4A3E-8C68-3DBEF7D9AA2E}.Release|Any CPU.ActiveCfg = Release|Any CPU
		{2C0DCE73-4711-4A3E-8C68-3DBEF7D9AA2E}.Release|Any CPU.Build.0 = Release|Any CPU
		{2C0DCE73-4711-4A3E-8C68-3DBEF7D9AA2E}.Release|Any CPU.Deploy.0 = Release|Any CPU
		{2C0DCE73-4711-4A3E-8C68-3DBEF7D9AA2E}.Release|ARM.ActiveCfg = Release|Any CPU
		{2C0DCE73-4711-4A3E-8C68-3DBEF7D9AA2E}.Release|ARM.Build.0 = Release|Any CPU
		{2C0DCE73-4711-4A3E-8C68-3DBEF7D9AA2E}.Release|ARM.Deploy.0 = Release|Any CPU
		{2C0DCE73-4711-4A3E-8C68-3DBEF7D9AA2E}.Release|iPhone.ActiveCfg = Release|Any CPU
		{2C0DCE73-4711-4A3E-8C68-3DBEF7D9AA2E}.Release|iPhone.Build.0 = Release|Any CPU
		{2C0DCE73-4711-4A3E-8C68-3DBEF7D9AA2E}.Release|iPhone.Deploy.0 = Release|Any CPU
		{2C0DCE73-4711-4A3E-8C68-3DBEF7D9AA2E}.Release|iPhoneSimulator.ActiveCfg = Release|Any CPU
		{2C0DCE73-4711-4A3E-8C68-3DBEF7D9AA2E}.Release|iPhoneSimulator.Build.0 = Release|Any CPU
		{2C0DCE73-4711-4A3E-8C68-3DBEF7D9AA2E}.Release|iPhoneSimulator.Deploy.0 = Release|Any CPU
		{2C0DCE73-4711-4A3E-8C68-3DBEF7D9AA2E}.Release|x64.ActiveCfg = Release|Any CPU
		{2C0DCE73-4711-4A3E-8C68-3DBEF7D9AA2E}.Release|x64.Build.0 = Release|Any CPU
		{2C0DCE73-4711-4A3E-8C68-3DBEF7D9AA2E}.Release|x64.Deploy.0 = Release|Any CPU
		{2C0DCE73-4711-4A3E-8C68-3DBEF7D9AA2E}.Release|x86.ActiveCfg = Release|Any CPU
		{2C0DCE73-4711-4A3E-8C68-3DBEF7D9AA2E}.Release|x86.Build.0 = Release|Any CPU
		{2C0DCE73-4711-4A3E-8C68-3DBEF7D9AA2E}.Release|x86.Deploy.0 = Release|Any CPU
		{A09107A0-2B12-4F40-9C61-39E2D0CF0682}.Ad-Hoc|Any CPU.ActiveCfg = Ad-Hoc|iPhone
		{A09107A0-2B12-4F40-9C61-39E2D0CF0682}.Ad-Hoc|ARM.ActiveCfg = Ad-Hoc|iPhone
		{A09107A0-2B12-4F40-9C61-39E2D0CF0682}.Ad-Hoc|iPhone.ActiveCfg = Ad-Hoc|iPhone
		{A09107A0-2B12-4F40-9C61-39E2D0CF0682}.Ad-Hoc|iPhone.Build.0 = Ad-Hoc|iPhone
		{A09107A0-2B12-4F40-9C61-39E2D0CF0682}.Ad-Hoc|iPhoneSimulator.ActiveCfg = Ad-Hoc|iPhoneSimulator
		{A09107A0-2B12-4F40-9C61-39E2D0CF0682}.Ad-Hoc|iPhoneSimulator.Build.0 = Ad-Hoc|iPhoneSimulator
		{A09107A0-2B12-4F40-9C61-39E2D0CF0682}.Ad-Hoc|x64.ActiveCfg = Ad-Hoc|iPhone
		{A09107A0-2B12-4F40-9C61-39E2D0CF0682}.Ad-Hoc|x86.ActiveCfg = Ad-Hoc|iPhone
		{A09107A0-2B12-4F40-9C61-39E2D0CF0682}.AppStore|Any CPU.ActiveCfg = AppStore|iPhone
		{A09107A0-2B12-4F40-9C61-39E2D0CF0682}.AppStore|ARM.ActiveCfg = AppStore|iPhone
		{A09107A0-2B12-4F40-9C61-39E2D0CF0682}.AppStore|iPhone.ActiveCfg = AppStore|iPhone
		{A09107A0-2B12-4F40-9C61-39E2D0CF0682}.AppStore|iPhone.Build.0 = AppStore|iPhone
		{A09107A0-2B12-4F40-9C61-39E2D0CF0682}.AppStore|iPhoneSimulator.ActiveCfg = AppStore|iPhoneSimulator
		{A09107A0-2B12-4F40-9C61-39E2D0CF0682}.AppStore|iPhoneSimulator.Build.0 = AppStore|iPhoneSimulator
		{A09107A0-2B12-4F40-9C61-39E2D0CF0682}.AppStore|x64.ActiveCfg = AppStore|iPhone
		{A09107A0-2B12-4F40-9C61-39E2D0CF0682}.AppStore|x86.ActiveCfg = AppStore|iPhone
		{A09107A0-2B12-4F40-9C61-39E2D0CF0682}.Debug|Any CPU.ActiveCfg = Debug|iPhone
		{A09107A0-2B12-4F40-9C61-39E2D0CF0682}.Debug|ARM.ActiveCfg = Debug|iPhone
		{A09107A0-2B12-4F40-9C61-39E2D0CF0682}.Debug|iPhone.ActiveCfg = Debug|iPhone
		{A09107A0-2B12-4F40-9C61-39E2D0CF0682}.Debug|iPhone.Build.0 = Debug|iPhone
		{A09107A0-2B12-4F40-9C61-39E2D0CF0682}.Debug|iPhoneSimulator.ActiveCfg = Debug|iPhoneSimulator
		{A09107A0-2B12-4F40-9C61-39E2D0CF0682}.Debug|iPhoneSimulator.Build.0 = Debug|iPhoneSimulator
		{A09107A0-2B12-4F40-9C61-39E2D0CF0682}.Debug|x64.ActiveCfg = Debug|iPhone
		{A09107A0-2B12-4F40-9C61-39E2D0CF0682}.Debug|x86.ActiveCfg = Debug|iPhone
		{A09107A0-2B12-4F40-9C61-39E2D0CF0682}.Release|Any CPU.ActiveCfg = Release|iPhone
		{A09107A0-2B12-4F40-9C61-39E2D0CF0682}.Release|ARM.ActiveCfg = Release|iPhone
		{A09107A0-2B12-4F40-9C61-39E2D0CF0682}.Release|iPhone.ActiveCfg = Release|iPhone
		{A09107A0-2B12-4F40-9C61-39E2D0CF0682}.Release|iPhone.Build.0 = Release|iPhone
		{A09107A0-2B12-4F40-9C61-39E2D0CF0682}.Release|iPhoneSimulator.ActiveCfg = Release|iPhoneSimulator
		{A09107A0-2B12-4F40-9C61-39E2D0CF0682}.Release|iPhoneSimulator.Build.0 = Release|iPhoneSimulator
		{A09107A0-2B12-4F40-9C61-39E2D0CF0682}.Release|x64.ActiveCfg = Release|iPhone
		{A09107A0-2B12-4F40-9C61-39E2D0CF0682}.Release|x86.ActiveCfg = Release|iPhone
		{B7D1265C-F2A5-4544-BAF0-7BD716A72CE2}.Ad-Hoc|Any CPU.ActiveCfg = Release|x86
		{B7D1265C-F2A5-4544-BAF0-7BD716A72CE2}.Ad-Hoc|Any CPU.Build.0 = Release|x86
		{B7D1265C-F2A5-4544-BAF0-7BD716A72CE2}.Ad-Hoc|Any CPU.Deploy.0 = Release|x86
		{B7D1265C-F2A5-4544-BAF0-7BD716A72CE2}.Ad-Hoc|ARM.ActiveCfg = Release|ARM
		{B7D1265C-F2A5-4544-BAF0-7BD716A72CE2}.Ad-Hoc|ARM.Build.0 = Release|ARM
		{B7D1265C-F2A5-4544-BAF0-7BD716A72CE2}.Ad-Hoc|ARM.Deploy.0 = Release|ARM
		{B7D1265C-F2A5-4544-BAF0-7BD716A72CE2}.Ad-Hoc|iPhone.ActiveCfg = Release|x86
		{B7D1265C-F2A5-4544-BAF0-7BD716A72CE2}.Ad-Hoc|iPhone.Build.0 = Release|x86
		{B7D1265C-F2A5-4544-BAF0-7BD716A72CE2}.Ad-Hoc|iPhone.Deploy.0 = Release|x86
		{B7D1265C-F2A5-4544-BAF0-7BD716A72CE2}.Ad-Hoc|iPhoneSimulator.ActiveCfg = Release|x86
		{B7D1265C-F2A5-4544-BAF0-7BD716A72CE2}.Ad-Hoc|iPhoneSimulator.Build.0 = Release|x86
		{B7D1265C-F2A5-4544-BAF0-7BD716A72CE2}.Ad-Hoc|iPhoneSimulator.Deploy.0 = Release|x86
		{B7D1265C-F2A5-4544-BAF0-7BD716A72CE2}.Ad-Hoc|x64.ActiveCfg = Release|x64
		{B7D1265C-F2A5-4544-BAF0-7BD716A72CE2}.Ad-Hoc|x64.Build.0 = Release|x64
		{B7D1265C-F2A5-4544-BAF0-7BD716A72CE2}.Ad-Hoc|x64.Deploy.0 = Release|x64
		{B7D1265C-F2A5-4544-BAF0-7BD716A72CE2}.Ad-Hoc|x86.ActiveCfg = Release|x86
		{B7D1265C-F2A5-4544-BAF0-7BD716A72CE2}.Ad-Hoc|x86.Build.0 = Release|x86
		{B7D1265C-F2A5-4544-BAF0-7BD716A72CE2}.Ad-Hoc|x86.Deploy.0 = Release|x86
		{B7D1265C-F2A5-4544-BAF0-7BD716A72CE2}.AppStore|Any CPU.ActiveCfg = Release|x86
		{B7D1265C-F2A5-4544-BAF0-7BD716A72CE2}.AppStore|Any CPU.Build.0 = Release|x86
		{B7D1265C-F2A5-4544-BAF0-7BD716A72CE2}.AppStore|Any CPU.Deploy.0 = Release|x86
		{B7D1265C-F2A5-4544-BAF0-7BD716A72CE2}.AppStore|ARM.ActiveCfg = Release|ARM
		{B7D1265C-F2A5-4544-BAF0-7BD716A72CE2}.AppStore|ARM.Build.0 = Release|ARM
		{B7D1265C-F2A5-4544-BAF0-7BD716A72CE2}.AppStore|ARM.Deploy.0 = Release|ARM
		{B7D1265C-F2A5-4544-BAF0-7BD716A72CE2}.AppStore|iPhone.ActiveCfg = Release|x86
		{B7D1265C-F2A5-4544-BAF0-7BD716A72CE2}.AppStore|iPhone.Build.0 = Release|x86
		{B7D1265C-F2A5-4544-BAF0-7BD716A72CE2}.AppStore|iPhone.Deploy.0 = Release|x86
		{B7D1265C-F2A5-4544-BAF0-7BD716A72CE2}.AppStore|iPhoneSimulator.ActiveCfg = Release|x86
		{B7D1265C-F2A5-4544-BAF0-7BD716A72CE2}.AppStore|iPhoneSimulator.Build.0 = Release|x86
		{B7D1265C-F2A5-4544-BAF0-7BD716A72CE2}.AppStore|iPhoneSimulator.Deploy.0 = Release|x86
		{B7D1265C-F2A5-4544-BAF0-7BD716A72CE2}.AppStore|x64.ActiveCfg = Release|x64
		{B7D1265C-F2A5-4544-BAF0-7BD716A72CE2}.AppStore|x64.Build.0 = Release|x64
		{B7D1265C-F2A5-4544-BAF0-7BD716A72CE2}.AppStore|x64.Deploy.0 = Release|x64
		{B7D1265C-F2A5-4544-BAF0-7BD716A72CE2}.AppStore|x86.ActiveCfg = Release|x86
		{B7D1265C-F2A5-4544-BAF0-7BD716A72CE2}.AppStore|x86.Build.0 = Release|x86
		{B7D1265C-F2A5-4544-BAF0-7BD716A72CE2}.AppStore|x86.Deploy.0 = Release|x86
		{B7D1265C-F2A5-4544-BAF0-7BD716A72CE2}.Debug|Any CPU.ActiveCfg = Debug|x86
		{B7D1265C-F2A5-4544-BAF0-7BD716A72CE2}.Debug|ARM.ActiveCfg = Debug|ARM
		{B7D1265C-F2A5-4544-BAF0-7BD716A72CE2}.Debug|ARM.Build.0 = Debug|ARM
		{B7D1265C-F2A5-4544-BAF0-7BD716A72CE2}.Debug|ARM.Deploy.0 = Debug|ARM
		{B7D1265C-F2A5-4544-BAF0-7BD716A72CE2}.Debug|iPhone.ActiveCfg = Debug|x86
		{B7D1265C-F2A5-4544-BAF0-7BD716A72CE2}.Debug|iPhoneSimulator.ActiveCfg = Debug|x86
		{B7D1265C-F2A5-4544-BAF0-7BD716A72CE2}.Debug|x64.ActiveCfg = Debug|x64
		{B7D1265C-F2A5-4544-BAF0-7BD716A72CE2}.Debug|x64.Build.0 = Debug|x64
		{B7D1265C-F2A5-4544-BAF0-7BD716A72CE2}.Debug|x64.Deploy.0 = Debug|x64
		{B7D1265C-F2A5-4544-BAF0-7BD716A72CE2}.Debug|x86.ActiveCfg = Debug|x86
		{B7D1265C-F2A5-4544-BAF0-7BD716A72CE2}.Debug|x86.Build.0 = Debug|x86
		{B7D1265C-F2A5-4544-BAF0-7BD716A72CE2}.Debug|x86.Deploy.0 = Debug|x86
		{B7D1265C-F2A5-4544-BAF0-7BD716A72CE2}.Release|Any CPU.ActiveCfg = Release|x86
		{B7D1265C-F2A5-4544-BAF0-7BD716A72CE2}.Release|ARM.ActiveCfg = Release|ARM
		{B7D1265C-F2A5-4544-BAF0-7BD716A72CE2}.Release|ARM.Build.0 = Release|ARM
		{B7D1265C-F2A5-4544-BAF0-7BD716A72CE2}.Release|ARM.Deploy.0 = Release|ARM
		{B7D1265C-F2A5-4544-BAF0-7BD716A72CE2}.Release|iPhone.ActiveCfg = Release|x86
		{B7D1265C-F2A5-4544-BAF0-7BD716A72CE2}.Release|iPhoneSimulator.ActiveCfg = Release|x86
		{B7D1265C-F2A5-4544-BAF0-7BD716A72CE2}.Release|x64.ActiveCfg = Release|x64
		{B7D1265C-F2A5-4544-BAF0-7BD716A72CE2}.Release|x64.Build.0 = Release|x64
		{B7D1265C-F2A5-4544-BAF0-7BD716A72CE2}.Release|x64.Deploy.0 = Release|x64
		{B7D1265C-F2A5-4544-BAF0-7BD716A72CE2}.Release|x86.ActiveCfg = Release|x86
		{B7D1265C-F2A5-4544-BAF0-7BD716A72CE2}.Release|x86.Build.0 = Release|x86
		{B7D1265C-F2A5-4544-BAF0-7BD716A72CE2}.Release|x86.Deploy.0 = Release|x86
		{16770E03-E1F6-4323-8C8B-513675B6E9F7}.Ad-Hoc|Any CPU.ActiveCfg = Debug|Any CPU
		{16770E03-E1F6-4323-8C8B-513675B6E9F7}.Ad-Hoc|Any CPU.Build.0 = Debug|Any CPU
		{16770E03-E1F6-4323-8C8B-513675B6E9F7}.Ad-Hoc|ARM.ActiveCfg = Debug|Any CPU
		{16770E03-E1F6-4323-8C8B-513675B6E9F7}.Ad-Hoc|ARM.Build.0 = Debug|Any CPU
		{16770E03-E1F6-4323-8C8B-513675B6E9F7}.Ad-Hoc|iPhone.ActiveCfg = Debug|Any CPU
		{16770E03-E1F6-4323-8C8B-513675B6E9F7}.Ad-Hoc|iPhone.Build.0 = Debug|Any CPU
		{16770E03-E1F6-4323-8C8B-513675B6E9F7}.Ad-Hoc|iPhoneSimulator.ActiveCfg = Debug|Any CPU
		{16770E03-E1F6-4323-8C8B-513675B6E9F7}.Ad-Hoc|iPhoneSimulator.Build.0 = Debug|Any CPU
		{16770E03-E1F6-4323-8C8B-513675B6E9F7}.Ad-Hoc|x64.ActiveCfg = Debug|Any CPU
		{16770E03-E1F6-4323-8C8B-513675B6E9F7}.Ad-Hoc|x64.Build.0 = Debug|Any CPU
		{16770E03-E1F6-4323-8C8B-513675B6E9F7}.Ad-Hoc|x86.ActiveCfg = Debug|Any CPU
		{16770E03-E1F6-4323-8C8B-513675B6E9F7}.Ad-Hoc|x86.Build.0 = Debug|Any CPU
		{16770E03-E1F6-4323-8C8B-513675B6E9F7}.AppStore|Any CPU.ActiveCfg = Debug|Any CPU
		{16770E03-E1F6-4323-8C8B-513675B6E9F7}.AppStore|Any CPU.Build.0 = Debug|Any CPU
		{16770E03-E1F6-4323-8C8B-513675B6E9F7}.AppStore|ARM.ActiveCfg = Debug|Any CPU
		{16770E03-E1F6-4323-8C8B-513675B6E9F7}.AppStore|ARM.Build.0 = Debug|Any CPU
		{16770E03-E1F6-4323-8C8B-513675B6E9F7}.AppStore|iPhone.ActiveCfg = Debug|Any CPU
		{16770E03-E1F6-4323-8C8B-513675B6E9F7}.AppStore|iPhone.Build.0 = Debug|Any CPU
		{16770E03-E1F6-4323-8C8B-513675B6E9F7}.AppStore|iPhoneSimulator.ActiveCfg = Debug|Any CPU
		{16770E03-E1F6-4323-8C8B-513675B6E9F7}.AppStore|iPhoneSimulator.Build.0 = Debug|Any CPU
		{16770E03-E1F6-4323-8C8B-513675B6E9F7}.AppStore|x64.ActiveCfg = Debug|Any CPU
		{16770E03-E1F6-4323-8C8B-513675B6E9F7}.AppStore|x64.Build.0 = Debug|Any CPU
		{16770E03-E1F6-4323-8C8B-513675B6E9F7}.AppStore|x86.ActiveCfg = Debug|Any CPU
		{16770E03-E1F6-4323-8C8B-513675B6E9F7}.AppStore|x86.Build.0 = Debug|Any CPU
		{16770E03-E1F6-4323-8C8B-513675B6E9F7}.Debug|Any CPU.ActiveCfg = Debug|Any CPU
		{16770E03-E1F6-4323-8C8B-513675B6E9F7}.Debug|Any CPU.Build.0 = Debug|Any CPU
		{16770E03-E1F6-4323-8C8B-513675B6E9F7}.Debug|ARM.ActiveCfg = Debug|Any CPU
		{16770E03-E1F6-4323-8C8B-513675B6E9F7}.Debug|ARM.Build.0 = Debug|Any CPU
		{16770E03-E1F6-4323-8C8B-513675B6E9F7}.Debug|iPhone.ActiveCfg = Debug|Any CPU
		{16770E03-E1F6-4323-8C8B-513675B6E9F7}.Debug|iPhone.Build.0 = Debug|Any CPU
		{16770E03-E1F6-4323-8C8B-513675B6E9F7}.Debug|iPhoneSimulator.ActiveCfg = Debug|Any CPU
		{16770E03-E1F6-4323-8C8B-513675B6E9F7}.Debug|iPhoneSimulator.Build.0 = Debug|Any CPU
		{16770E03-E1F6-4323-8C8B-513675B6E9F7}.Debug|x64.ActiveCfg = Debug|Any CPU
		{16770E03-E1F6-4323-8C8B-513675B6E9F7}.Debug|x64.Build.0 = Debug|Any CPU
		{16770E03-E1F6-4323-8C8B-513675B6E9F7}.Debug|x86.ActiveCfg = Debug|Any CPU
		{16770E03-E1F6-4323-8C8B-513675B6E9F7}.Debug|x86.Build.0 = Debug|Any CPU
		{16770E03-E1F6-4323-8C8B-513675B6E9F7}.Release|Any CPU.ActiveCfg = Release|Any CPU
		{16770E03-E1F6-4323-8C8B-513675B6E9F7}.Release|Any CPU.Build.0 = Release|Any CPU
		{16770E03-E1F6-4323-8C8B-513675B6E9F7}.Release|ARM.ActiveCfg = Release|Any CPU
		{16770E03-E1F6-4323-8C8B-513675B6E9F7}.Release|ARM.Build.0 = Release|Any CPU
		{16770E03-E1F6-4323-8C8B-513675B6E9F7}.Release|iPhone.ActiveCfg = Release|Any CPU
		{16770E03-E1F6-4323-8C8B-513675B6E9F7}.Release|iPhone.Build.0 = Release|Any CPU
		{16770E03-E1F6-4323-8C8B-513675B6E9F7}.Release|iPhoneSimulator.ActiveCfg = Release|Any CPU
		{16770E03-E1F6-4323-8C8B-513675B6E9F7}.Release|iPhoneSimulator.Build.0 = Release|Any CPU
		{16770E03-E1F6-4323-8C8B-513675B6E9F7}.Release|x64.ActiveCfg = Release|Any CPU
		{16770E03-E1F6-4323-8C8B-513675B6E9F7}.Release|x64.Build.0 = Release|Any CPU
		{16770E03-E1F6-4323-8C8B-513675B6E9F7}.Release|x86.ActiveCfg = Release|Any CPU
		{16770E03-E1F6-4323-8C8B-513675B6E9F7}.Release|x86.Build.0 = Release|Any CPU
	EndGlobalSection
	GlobalSection(SolutionProperties) = preSolution
		HideSolutionNode = FALSE
	EndGlobalSection
	GlobalSection(ExtensibilityGlobals) = postSolution
		SolutionGuid = {B7C10A3C-EB33-45ED-BC63-5CD0F0A6F006}
	EndGlobalSection
EndGlobal
